
Microsoft Visual Studio Solution File, Format Version 12.00
# Visual Studio 2013
VisualStudioVersion = 12.0.40629.0
MinimumVisualStudioVersion = 10.0.40219.1
Project("{FAE04EC0-301F-11D3-BF4B-00C04F79EFBC}") = "Rozw_7_7B", "Rozw_7_7B\Rozw_7_7B.csproj", "{837E27D5-7D29-45BD-B384-980B8E9156F8}"
EndProject
Global
	GlobalSection(SolutionConfigurationPlatforms) = preSolution
		Debug|Any CPU = Debug|Any CPU
		Release|Any CPU = Release|Any CPU
	EndGlobalSection
	GlobalSection(ProjectConfigurationPlatforms) = postSolution
		{837E27D5-7D29-45BD-B384-980B8E9156F8}.Debug|Any CPU.ActiveCfg = Debug|Any CPU
		{837E27D5-7D29-45BD-B384-980B8E9156F8}.Debug|Any CPU.Build.0 = Debug|Any CPU
		{837E27D5-7D29-45BD-B384-980B8E9156F8}.Release|Any CPU.ActiveCfg = Release|Any CPU
		{837E27D5-7D29-45BD-B384-980B8E9156F8}.Release|Any CPU.Build.0 = Release|Any CPU
	EndGlobalSection
	GlobalSection(SolutionProperties) = preSolution
		HideSolutionNode = FALSE
	EndGlobalSection
EndGlobal
